
Microsoft Visual Studio Solution File, Format Version 12.00
# Visual Studio Version 17
VisualStudioVersion = 17.5.002.0
MinimumVisualStudioVersion = 10.0.40219.1
Project("{9A19103F-16F7-4668-BE54-9A1E7A4F7556}") = "Matching", "src\matching-api\Matching.csproj", "{1E1B0C85-DB1F-485E-8B5A-CE03E9977029}"
EndProject
Project("{9A19103F-16F7-4668-BE54-9A1E7A4F7556}") = "AppHost", "src\app-host\AppHost.csproj", "{EB61218A-CF80-4389-9C6A-D6AA5C205E95}"
EndProject
Project("{2150E333-8FDC-42A3-9474-1A3956D46DE8}") = "Solution Items", "Solution Items", "{140D0842-3BBC-4339-9C75-331FD9CB50F8}"
	ProjectSection(SolutionItems) = preProject
		.editorconfig = .editorconfig
		.gitignore = .gitignore
		Directory.Build.props = Directory.Build.props
		Directory.Packages.props = Directory.Packages.props
		global.json = global.json
		NuGet.config = NuGet.config
		README.md = README.md
		tests.runsettings = tests.runsettings
	EndProjectSection
EndProject
Project("{9A19103F-16F7-4668-BE54-9A1E7A4F7556}") = "Shared", "src\Shared\Shared.csproj", "{46796FD1-9AC2-498D-8535-D9E57286AA2F}"
EndProject
Project("{FAE04EC0-301F-11D3-BF4B-00C04F79EFBC}") = "Yarp", "src\Yarp\Yarp.csproj", "{B64CA4AA-AE04-4C84-AADE-704FDA69F06E}"
EndProject
Project("{FAE04EC0-301F-11D3-BF4B-00C04F79EFBC}") = "Integration.Tests", "tests\Integration.Tests\Integration.Tests.csproj", "{D80E6F3D-BF63-4F8D-B83A-6841CC5F3D2A}"
EndProject
Project("{FAE04EC0-301F-11D3-BF4B-00C04F79EFBC}") = "External", "src\external-api\External.csproj", "{64A53CE4-A747-4944-8CFD-56F0A7FFC9D6}"
EndProject
Project("{2150E333-8FDC-42A3-9474-1A3956D46DE8}") = "Hosts", "Hosts", "{02EA681E-C7D8-13C7-8484-4AC65E1B71E8}"
EndProject
Project("{2150E333-8FDC-42A3-9474-1A3956D46DE8}") = "Tests", "Tests", "{6113130F-7A2B-42D0-9938-801D87FDCBD0}"
EndProject
Project("{2150E333-8FDC-42A3-9474-1A3956D46DE8}") = "Client", "Client", "{985A8CD1-C091-4B79-A5FA-D483B5DC38CD}"
EndProject
Project("{FAE04EC0-301F-11D3-BF4B-00C04F79EFBC}") = "SUI.Client.Core", "src\tools\client\SUI.Client.Core\SUI.Client.Core.csproj", "{54AF3157-D8BD-4273-B9B4-8F87292419F0}"
EndProject
Project("{FAE04EC0-301F-11D3-BF4B-00C04F79EFBC}") = "SUI.Client.Watcher", "src\tools\client\SUI.Client.Watcher\SUI.Client.Watcher.csproj", "{FCF62331-5270-39CF-E2CB-496CB13F4090}"
EndProject
Project("{FAE04EC0-301F-11D3-BF4B-00C04F79EFBC}") = "E2E.Tests", "tests\E2E.Tests\E2E.Tests.csproj", "{1D7CBFA0-1550-4DDB-A38A-B8D5AC5D9EF2}"
EndProject
Project("{FAE04EC0-301F-11D3-BF4B-00C04F79EFBC}") = "Unit.Tests", "tests\Unit.Tests\Unit.Tests.csproj", "{89481DE3-EB35-F200-1AFC-7097D97A86FF}"
EndProject
Project("{FAE04EC0-301F-11D3-BF4B-00C04F79EFBC}") = "FakeNhsFhirApi", "tests\tools\FakeNhsFhirApi\FakeNhsFhirApi.csproj", "{74B8B982-E54C-49A9-9963-3CD5EEAC57D7}"
EndProject
Project("{FAE04EC0-301F-11D3-BF4B-00C04F79EFBC}") = "SUI.DBS.Response.Logger.Core", "src\tools\dbs-response-logger\SUI.DBS.Response.Logger.Core\SUI.DBS.Response.Logger.Core.csproj", "{C2C00189-7E7F-4515-B06A-D1F24B355C1C}"
EndProject
Project("{FAE04EC0-301F-11D3-BF4B-00C04F79EFBC}") = "SUI.DBS.Response.Logger.Watcher", "src\tools\dbs-response-logger\SUI.DBS.Response.Logger.Watcher\SUI.DBS.Response.Logger.Watcher.csproj", "{4EF4CD9C-08CA-41A0-95B7-B22B902DD76F}"
EndProject
Project("{2150E333-8FDC-42A3-9474-1A3956D46DE8}") = "Tools", "Tools", "{573374D2-8B4E-443F-830F-C6E3CF97DD0D}"
EndProject
Project("{2150E333-8FDC-42A3-9474-1A3956D46DE8}") = "DbsResponseLogger", "DbsResponseLogger", "{749FFCA1-DC7E-44DB-AA84-6E65BD924032}"
EndProject
Global
	GlobalSection(SolutionConfigurationPlatforms) = preSolution
		Debug|Any CPU = Debug|Any CPU
		Release|Any CPU = Release|Any CPU
	EndGlobalSection
	GlobalSection(ProjectConfigurationPlatforms) = postSolution
		{1E1B0C85-DB1F-485E-8B5A-CE03E9977029}.Debug|Any CPU.ActiveCfg = Debug|Any CPU
		{1E1B0C85-DB1F-485E-8B5A-CE03E9977029}.Debug|Any CPU.Build.0 = Debug|Any CPU
		{1E1B0C85-DB1F-485E-8B5A-CE03E9977029}.Release|Any CPU.ActiveCfg = Release|Any CPU
		{1E1B0C85-DB1F-485E-8B5A-CE03E9977029}.Release|Any CPU.Build.0 = Release|Any CPU
		{EB61218A-CF80-4389-9C6A-D6AA5C205E95}.Debug|Any CPU.ActiveCfg = Debug|Any CPU
		{EB61218A-CF80-4389-9C6A-D6AA5C205E95}.Debug|Any CPU.Build.0 = Debug|Any CPU
		{EB61218A-CF80-4389-9C6A-D6AA5C205E95}.Release|Any CPU.ActiveCfg = Release|Any CPU
		{EB61218A-CF80-4389-9C6A-D6AA5C205E95}.Release|Any CPU.Build.0 = Release|Any CPU
		{46796FD1-9AC2-498D-8535-D9E57286AA2F}.Debug|Any CPU.ActiveCfg = Debug|Any CPU
		{46796FD1-9AC2-498D-8535-D9E57286AA2F}.Debug|Any CPU.Build.0 = Debug|Any CPU
		{46796FD1-9AC2-498D-8535-D9E57286AA2F}.Release|Any CPU.ActiveCfg = Release|Any CPU
		{46796FD1-9AC2-498D-8535-D9E57286AA2F}.Release|Any CPU.Build.0 = Release|Any CPU
		{B64CA4AA-AE04-4C84-AADE-704FDA69F06E}.Debug|Any CPU.ActiveCfg = Debug|Any CPU
		{B64CA4AA-AE04-4C84-AADE-704FDA69F06E}.Debug|Any CPU.Build.0 = Debug|Any CPU
		{B64CA4AA-AE04-4C84-AADE-704FDA69F06E}.Release|Any CPU.ActiveCfg = Release|AnyCPU
		{B64CA4AA-AE04-4C84-AADE-704FDA69F06E}.Release|Any CPU.Build.0 = Release|AnyCPU
		{D80E6F3D-BF63-4F8D-B83A-6841CC5F3D2A}.Debug|Any CPU.ActiveCfg = Debug|Any CPU
		{D80E6F3D-BF63-4F8D-B83A-6841CC5F3D2A}.Debug|Any CPU.Build.0 = Debug|Any CPU
		{D80E6F3D-BF63-4F8D-B83A-6841CC5F3D2A}.Release|Any CPU.ActiveCfg = Release|Any CPU
		{D80E6F3D-BF63-4F8D-B83A-6841CC5F3D2A}.Release|Any CPU.Build.0 = Release|Any CPU
		{64A53CE4-A747-4944-8CFD-56F0A7FFC9D6}.Debug|Any CPU.ActiveCfg = Debug|Any CPU
		{64A53CE4-A747-4944-8CFD-56F0A7FFC9D6}.Debug|Any CPU.Build.0 = Debug|Any CPU
		{64A53CE4-A747-4944-8CFD-56F0A7FFC9D6}.Release|Any CPU.ActiveCfg = Release|Any CPU
		{64A53CE4-A747-4944-8CFD-56F0A7FFC9D6}.Release|Any CPU.Build.0 = Release|Any CPU
		{54AF3157-D8BD-4273-B9B4-8F87292419F0}.Debug|Any CPU.ActiveCfg = Debug|Any CPU
		{54AF3157-D8BD-4273-B9B4-8F87292419F0}.Debug|Any CPU.Build.0 = Debug|Any CPU
		{54AF3157-D8BD-4273-B9B4-8F87292419F0}.Release|Any CPU.ActiveCfg = Release|Any CPU
		{54AF3157-D8BD-4273-B9B4-8F87292419F0}.Release|Any CPU.Build.0 = Release|Any CPU
		{FCF62331-5270-39CF-E2CB-496CB13F4090}.Debug|Any CPU.ActiveCfg = Debug|Any CPU
		{FCF62331-5270-39CF-E2CB-496CB13F4090}.Debug|Any CPU.Build.0 = Debug|Any CPU
		{FCF62331-5270-39CF-E2CB-496CB13F4090}.Release|Any CPU.ActiveCfg = Release|Any CPU
		{FCF62331-5270-39CF-E2CB-496CB13F4090}.Release|Any CPU.Build.0 = Release|Any CPU
		{1D7CBFA0-1550-4DDB-A38A-B8D5AC5D9EF2}.Debug|Any CPU.ActiveCfg = Debug|Any CPU
		{1D7CBFA0-1550-4DDB-A38A-B8D5AC5D9EF2}.Debug|Any CPU.Build.0 = Debug|Any CPU
		{1D7CBFA0-1550-4DDB-A38A-B8D5AC5D9EF2}.Release|Any CPU.ActiveCfg = Release|Any CPU
		{1D7CBFA0-1550-4DDB-A38A-B8D5AC5D9EF2}.Release|Any CPU.Build.0 = Release|Any CPU
		{89481DE3-EB35-F200-1AFC-7097D97A86FF}.Debug|Any CPU.ActiveCfg = Debug|Any CPU
		{89481DE3-EB35-F200-1AFC-7097D97A86FF}.Debug|Any CPU.Build.0 = Debug|Any CPU
		{89481DE3-EB35-F200-1AFC-7097D97A86FF}.Release|Any CPU.ActiveCfg = Release|Any CPU
		{89481DE3-EB35-F200-1AFC-7097D97A86FF}.Release|Any CPU.Build.0 = Release|Any CPU
		{74B8B982-E54C-49A9-9963-3CD5EEAC57D7}.Debug|Any CPU.ActiveCfg = Debug|Any CPU
		{74B8B982-E54C-49A9-9963-3CD5EEAC57D7}.Debug|Any CPU.Build.0 = Debug|Any CPU
		{74B8B982-E54C-49A9-9963-3CD5EEAC57D7}.Release|Any CPU.ActiveCfg = Release|Any CPU
		{74B8B982-E54C-49A9-9963-3CD5EEAC57D7}.Release|Any CPU.Build.0 = Release|Any CPU
		{C2C00189-7E7F-4515-B06A-D1F24B355C1C}.Debug|Any CPU.ActiveCfg = Debug|Any CPU
		{C2C00189-7E7F-4515-B06A-D1F24B355C1C}.Debug|Any CPU.Build.0 = Debug|Any CPU
		{C2C00189-7E7F-4515-B06A-D1F24B355C1C}.Release|Any CPU.ActiveCfg = Release|Any CPU
		{C2C00189-7E7F-4515-B06A-D1F24B355C1C}.Release|Any CPU.Build.0 = Release|Any CPU
		{4EF4CD9C-08CA-41A0-95B7-B22B902DD76F}.Debug|Any CPU.ActiveCfg = Debug|Any CPU
		{4EF4CD9C-08CA-41A0-95B7-B22B902DD76F}.Debug|Any CPU.Build.0 = Debug|Any CPU
		{4EF4CD9C-08CA-41A0-95B7-B22B902DD76F}.Release|Any CPU.ActiveCfg = Release|Any CPU
		{4EF4CD9C-08CA-41A0-95B7-B22B902DD76F}.Release|Any CPU.Build.0 = Release|Any CPU
	EndGlobalSection
	GlobalSection(SolutionProperties) = preSolution
		HideSolutionNode = FALSE
	EndGlobalSection
	GlobalSection(NestedProjects) = preSolution
		{1E1B0C85-DB1F-485E-8B5A-CE03E9977029} = {02EA681E-C7D8-13C7-8484-4AC65E1B71E8}
		{EB61218A-CF80-4389-9C6A-D6AA5C205E95} = {02EA681E-C7D8-13C7-8484-4AC65E1B71E8}
		{B64CA4AA-AE04-4C84-AADE-704FDA69F06E} = {02EA681E-C7D8-13C7-8484-4AC65E1B71E8}
		{64A53CE4-A747-4944-8CFD-56F0A7FFC9D6} = {02EA681E-C7D8-13C7-8484-4AC65E1B71E8}
		{54AF3157-D8BD-4273-B9B4-8F87292419F0} = {985A8CD1-C091-4B79-A5FA-D483B5DC38CD}
		{FCF62331-5270-39CF-E2CB-496CB13F4090} = {985A8CD1-C091-4B79-A5FA-D483B5DC38CD}
		{89481DE3-EB35-F200-1AFC-7097D97A86FF} = {6113130F-7A2B-42D0-9938-801D87FDCBD0}
		{74B8B982-E54C-49A9-9963-3CD5EEAC57D7} = {6113130F-7A2B-42D0-9938-801D87FDCBD0}
		{1D7CBFA0-1550-4DDB-A38A-B8D5AC5D9EF2} = {6113130F-7A2B-42D0-9938-801D87FDCBD0}
		{D80E6F3D-BF63-4F8D-B83A-6841CC5F3D2A} = {6113130F-7A2B-42D0-9938-801D87FDCBD0}
		{985A8CD1-C091-4B79-A5FA-D483B5DC38CD} = {573374D2-8B4E-443F-830F-C6E3CF97DD0D}
		{749FFCA1-DC7E-44DB-AA84-6E65BD924032} = {573374D2-8B4E-443F-830F-C6E3CF97DD0D}
		{4EF4CD9C-08CA-41A0-95B7-B22B902DD76F} = {749FFCA1-DC7E-44DB-AA84-6E65BD924032}
		{C2C00189-7E7F-4515-B06A-D1F24B355C1C} = {749FFCA1-DC7E-44DB-AA84-6E65BD924032}
	EndGlobalSection
	GlobalSection(ExtensibilityGlobals) = postSolution
		SolutionGuid = {C3003BB3-31B7-4AFA-80BD-E3FB6FBC2CAD}
	EndGlobalSection
EndGlobal
