
Microsoft Visual Studio Solution File, Format Version 12.00
# Visual Studio Version 17
VisualStudioVersion = 17.5.002.0
MinimumVisualStudioVersion = 10.0.40219.1
Project("{9A19103F-16F7-4668-BE54-9A1E7A4F7556}") = "Matching", "matching-api\Matching.csproj", "{1E1B0C85-DB1F-485E-8B5A-CE03E9977029}"
EndProject
Project("{9A19103F-16F7-4668-BE54-9A1E7A4F7556}") = "AppHost", "app-host\AppHost.csproj", "{EB61218A-CF80-4389-9C6A-D6AA5C205E95}"
EndProject
Project("{2150E333-8FDC-42A3-9474-1A3956D46DE8}") = "Solution Items", "Solution Items", "{140D0842-3BBC-4339-9C75-331FD9CB50F8}"
	ProjectSection(SolutionItems) = preProject
		.editorconfig = .editorconfig
		.gitignore = .gitignore
		Directory.Build.props = Directory.Build.props
		Directory.Packages.props = Directory.Packages.props
		global.json = global.json
		NuGet.config = NuGet.config
		README.md = README.md
		tests.runsettings = tests.runsettings
	EndProjectSection
EndProject
Project("{9A19103F-16F7-4668-BE54-9A1E7A4F7556}") = "Shared", "shared\Shared\Shared.csproj", "{46796FD1-9AC2-498D-8535-D9E57286AA2F}"
EndProject
Project("{FAE04EC0-301F-11D3-BF4B-00C04F79EFBC}") = "Yarp", "yarp\Yarp\Yarp.csproj", "{B64CA4AA-AE04-4C84-AADE-704FDA69F06E}"
EndProject
Project("{FAE04EC0-301F-11D3-BF4B-00C04F79EFBC}") = "AppHost.IntegrationTests", "sui-tests\app-host-tests\AppHost.IntegrationTests.csproj", "{D80E6F3D-BF63-4F8D-B83A-6841CC5F3D2A}"
EndProject
Project("{FAE04EC0-301F-11D3-BF4B-00C04F79EFBC}") = "MatchingApi.IntegrationTests", "sui-tests\matching-api-tests\MatchingApi.IntegrationTests.csproj", "{98A16972-5E73-4DEE-B247-35B8A77A60DF}"
EndProject
Project("{FAE04EC0-301F-11D3-BF4B-00C04F79EFBC}") = "External", "external-api\External.csproj", "{64A53CE4-A747-4944-8CFD-56F0A7FFC9D6}"
EndProject
Project("{FAE04EC0-301F-11D3-BF4B-00C04F79EFBC}") = "ExternalApi.IntegrationTests", "sui-tests\sui-external-tests\ExternalApi.IntegrationTests.csproj", "{2440D760-54E0-4647-9EFB-9DC0BE4DA86F}"
EndProject
Project("{2150E333-8FDC-42A3-9474-1A3956D46DE8}") = "Hosts", "Hosts", "{02EA681E-C7D8-13C7-8484-4AC65E1B71E8}"
EndProject
Project("{2150E333-8FDC-42A3-9474-1A3956D46DE8}") = "Tests", "Tests", "{6113130F-7A2B-42D0-9938-801D87FDCBD0}"
EndProject
Project("{FAE04EC0-301F-11D3-BF4B-00C04F79EFBC}") = "SUI.Core", "SUI.Core\SUI.Core.csproj", "{1A5ED266-0DDB-4D8C-9D25-BF027FCC92D1}"
EndProject
Project("{2150E333-8FDC-42A3-9474-1A3956D46DE8}") = "Client", "Client", "{985A8CD1-C091-4B79-A5FA-D483B5DC38CD}"
EndProject
Project("{FAE04EC0-301F-11D3-BF4B-00C04F79EFBC}") = "SUI.Client.Core", "SUI.Client.Core\SUI.Client.Core.csproj", "{54AF3157-D8BD-4273-B9B4-8F87292419F0}"
EndProject
Project("{FAE04EC0-301F-11D3-BF4B-00C04F79EFBC}") = "SUI.Client.Console", "SUI.Client.Console\SUI.Client.Console.csproj", "{29217CCF-B321-7281-B9E9-C96ACDA27754}"
EndProject
Project("{FAE04EC0-301F-11D3-BF4B-00C04F79EFBC}") = "SUI.Client.Watcher", "SUI.Client.Watcher\SUI.Client.Watcher.csproj", "{FCF62331-5270-39CF-E2CB-496CB13F4090}"
EndProject
Project("{FAE04EC0-301F-11D3-BF4B-00C04F79EFBC}") = "SUI.E2E.Tests", "SUI.E2E.Tests\SUI.E2E.Tests.csproj", "{1D7CBFA0-1550-4DDB-A38A-B8D5AC5D9EF2}"
EndProject
Project("{2150E333-8FDC-42A3-9474-1A3956D46DE8}") = "E2E", "E2E", "{810704C0-195C-4AE8-9B71-7367090D17C8}"
EndProject
Project("{FAE04EC0-301F-11D3-BF4B-00C04F79EFBC}") = "SUI.Test", "SUI.Test\SUI.Test.csproj", "{89481DE3-EB35-F200-1AFC-7097D97A86FF}"
EndProject
Project("{FAE04EC0-301F-11D3-BF4B-00C04F79EFBC}") = "SUI.Types", "SUI.Types\SUI.Types.csproj", "{B38A332B-F0AB-45B3-80D5-BA4A504519EF}"
EndProject
Project("{FAE04EC0-301F-11D3-BF4B-00C04F79EFBC}") = "SUI.Test.FakeNhsFhirApi", "SUI.Test.FakeNhsFhirApi\SUI.Test.FakeNhsFhirApi.csproj", "{74B8B982-E54C-49A9-9963-3CD5EEAC57D7}"
EndProject
Project("{FAE04EC0-301F-11D3-BF4B-00C04F79EFBC}") = "SUI.Azure.BlobStorage.Container.Sync", "SUI.Azure.BlobStorage.Container.Sync\SUI.Azure.BlobStorage.Container.Sync.csproj", "{04778F18-2978-4714-ABF9-02A5104A0F08}"
EndProject
Global
	GlobalSection(SolutionConfigurationPlatforms) = preSolution
		Debug|Any CPU = Debug|Any CPU
		Release|Any CPU = Release|Any CPU
	EndGlobalSection
	GlobalSection(ProjectConfigurationPlatforms) = postSolution
		{1E1B0C85-DB1F-485E-8B5A-CE03E9977029}.Debug|Any CPU.ActiveCfg = Debug|Any CPU
		{1E1B0C85-DB1F-485E-8B5A-CE03E9977029}.Debug|Any CPU.Build.0 = Debug|Any CPU
		{1E1B0C85-DB1F-485E-8B5A-CE03E9977029}.Release|Any CPU.ActiveCfg = Release|Any CPU
		{1E1B0C85-DB1F-485E-8B5A-CE03E9977029}.Release|Any CPU.Build.0 = Release|Any CPU
		{EB61218A-CF80-4389-9C6A-D6AA5C205E95}.Debug|Any CPU.ActiveCfg = Debug|Any CPU
		{EB61218A-CF80-4389-9C6A-D6AA5C205E95}.Debug|Any CPU.Build.0 = Debug|Any CPU
		{EB61218A-CF80-4389-9C6A-D6AA5C205E95}.Release|Any CPU.ActiveCfg = Release|Any CPU
		{EB61218A-CF80-4389-9C6A-D6AA5C205E95}.Release|Any CPU.Build.0 = Release|Any CPU
		{46796FD1-9AC2-498D-8535-D9E57286AA2F}.Debug|Any CPU.ActiveCfg = Debug|Any CPU
		{46796FD1-9AC2-498D-8535-D9E57286AA2F}.Debug|Any CPU.Build.0 = Debug|Any CPU
		{46796FD1-9AC2-498D-8535-D9E57286AA2F}.Release|Any CPU.ActiveCfg = Release|Any CPU
		{46796FD1-9AC2-498D-8535-D9E57286AA2F}.Release|Any CPU.Build.0 = Release|Any CPU
		{B64CA4AA-AE04-4C84-AADE-704FDA69F06E}.Debug|Any CPU.ActiveCfg = Debug|Any CPU
		{B64CA4AA-AE04-4C84-AADE-704FDA69F06E}.Debug|Any CPU.Build.0 = Debug|Any CPU
		{B64CA4AA-AE04-4C84-AADE-704FDA69F06E}.Release|Any CPU.ActiveCfg = Release|AnyCPU
		{B64CA4AA-AE04-4C84-AADE-704FDA69F06E}.Release|Any CPU.Build.0 = Release|AnyCPU
		{D80E6F3D-BF63-4F8D-B83A-6841CC5F3D2A}.Debug|Any CPU.ActiveCfg = Debug|Any CPU
		{D80E6F3D-BF63-4F8D-B83A-6841CC5F3D2A}.Debug|Any CPU.Build.0 = Debug|Any CPU
		{D80E6F3D-BF63-4F8D-B83A-6841CC5F3D2A}.Release|Any CPU.ActiveCfg = Release|Any CPU
		{D80E6F3D-BF63-4F8D-B83A-6841CC5F3D2A}.Release|Any CPU.Build.0 = Release|Any CPU
		{98A16972-5E73-4DEE-B247-35B8A77A60DF}.Debug|Any CPU.ActiveCfg = Debug|Any CPU
		{98A16972-5E73-4DEE-B247-35B8A77A60DF}.Debug|Any CPU.Build.0 = Debug|Any CPU
		{98A16972-5E73-4DEE-B247-35B8A77A60DF}.Release|Any CPU.ActiveCfg = Release|Any CPU
		{98A16972-5E73-4DEE-B247-35B8A77A60DF}.Release|Any CPU.Build.0 = Release|Any CPU
		{64A53CE4-A747-4944-8CFD-56F0A7FFC9D6}.Debug|Any CPU.ActiveCfg = Debug|Any CPU
		{64A53CE4-A747-4944-8CFD-56F0A7FFC9D6}.Debug|Any CPU.Build.0 = Debug|Any CPU
		{64A53CE4-A747-4944-8CFD-56F0A7FFC9D6}.Release|Any CPU.ActiveCfg = Release|Any CPU
		{64A53CE4-A747-4944-8CFD-56F0A7FFC9D6}.Release|Any CPU.Build.0 = Release|Any CPU
		{2440D760-54E0-4647-9EFB-9DC0BE4DA86F}.Debug|Any CPU.ActiveCfg = Debug|Any CPU
		{2440D760-54E0-4647-9EFB-9DC0BE4DA86F}.Debug|Any CPU.Build.0 = Debug|Any CPU
		{2440D760-54E0-4647-9EFB-9DC0BE4DA86F}.Release|Any CPU.ActiveCfg = Release|Any CPU
		{2440D760-54E0-4647-9EFB-9DC0BE4DA86F}.Release|Any CPU.Build.0 = Release|Any CPU
		{1A5ED266-0DDB-4D8C-9D25-BF027FCC92D1}.Debug|Any CPU.ActiveCfg = Debug|Any CPU
		{1A5ED266-0DDB-4D8C-9D25-BF027FCC92D1}.Debug|Any CPU.Build.0 = Debug|Any CPU
		{1A5ED266-0DDB-4D8C-9D25-BF027FCC92D1}.Release|Any CPU.ActiveCfg = Release|Any CPU
		{1A5ED266-0DDB-4D8C-9D25-BF027FCC92D1}.Release|Any CPU.Build.0 = Release|Any CPU
		{54AF3157-D8BD-4273-B9B4-8F87292419F0}.Debug|Any CPU.ActiveCfg = Debug|Any CPU
		{54AF3157-D8BD-4273-B9B4-8F87292419F0}.Debug|Any CPU.Build.0 = Debug|Any CPU
		{54AF3157-D8BD-4273-B9B4-8F87292419F0}.Release|Any CPU.ActiveCfg = Release|Any CPU
		{54AF3157-D8BD-4273-B9B4-8F87292419F0}.Release|Any CPU.Build.0 = Release|Any CPU
		{29217CCF-B321-7281-B9E9-C96ACDA27754}.Debug|Any CPU.ActiveCfg = Debug|Any CPU
		{29217CCF-B321-7281-B9E9-C96ACDA27754}.Debug|Any CPU.Build.0 = Debug|Any CPU
		{29217CCF-B321-7281-B9E9-C96ACDA27754}.Release|Any CPU.ActiveCfg = Release|Any CPU
		{29217CCF-B321-7281-B9E9-C96ACDA27754}.Release|Any CPU.Build.0 = Release|Any CPU
		{FCF62331-5270-39CF-E2CB-496CB13F4090}.Debug|Any CPU.ActiveCfg = Debug|Any CPU
		{FCF62331-5270-39CF-E2CB-496CB13F4090}.Debug|Any CPU.Build.0 = Debug|Any CPU
		{FCF62331-5270-39CF-E2CB-496CB13F4090}.Release|Any CPU.ActiveCfg = Release|Any CPU
		{FCF62331-5270-39CF-E2CB-496CB13F4090}.Release|Any CPU.Build.0 = Release|Any CPU
		{1D7CBFA0-1550-4DDB-A38A-B8D5AC5D9EF2}.Debug|Any CPU.ActiveCfg = Debug|Any CPU
		{1D7CBFA0-1550-4DDB-A38A-B8D5AC5D9EF2}.Debug|Any CPU.Build.0 = Debug|Any CPU
		{1D7CBFA0-1550-4DDB-A38A-B8D5AC5D9EF2}.Release|Any CPU.ActiveCfg = Release|Any CPU
		{1D7CBFA0-1550-4DDB-A38A-B8D5AC5D9EF2}.Release|Any CPU.Build.0 = Release|Any CPU
		{89481DE3-EB35-F200-1AFC-7097D97A86FF}.Debug|Any CPU.ActiveCfg = Debug|Any CPU
		{89481DE3-EB35-F200-1AFC-7097D97A86FF}.Debug|Any CPU.Build.0 = Debug|Any CPU
		{89481DE3-EB35-F200-1AFC-7097D97A86FF}.Release|Any CPU.ActiveCfg = Release|Any CPU
		{89481DE3-EB35-F200-1AFC-7097D97A86FF}.Release|Any CPU.Build.0 = Release|Any CPU
		{B38A332B-F0AB-45B3-80D5-BA4A504519EF}.Debug|Any CPU.ActiveCfg = Debug|Any CPU
		{B38A332B-F0AB-45B3-80D5-BA4A504519EF}.Debug|Any CPU.Build.0 = Debug|Any CPU
		{B38A332B-F0AB-45B3-80D5-BA4A504519EF}.Release|Any CPU.ActiveCfg = Release|Any CPU
		{B38A332B-F0AB-45B3-80D5-BA4A504519EF}.Release|Any CPU.Build.0 = Release|Any CPU
		{74B8B982-E54C-49A9-9963-3CD5EEAC57D7}.Debug|Any CPU.ActiveCfg = Debug|Any CPU
		{74B8B982-E54C-49A9-9963-3CD5EEAC57D7}.Debug|Any CPU.Build.0 = Debug|Any CPU
		{74B8B982-E54C-49A9-9963-3CD5EEAC57D7}.Release|Any CPU.ActiveCfg = Release|Any CPU
		{74B8B982-E54C-49A9-9963-3CD5EEAC57D7}.Release|Any CPU.Build.0 = Release|Any CPU
		{04778F18-2978-4714-ABF9-02A5104A0F08}.Debug|Any CPU.ActiveCfg = Debug|Any CPU
		{04778F18-2978-4714-ABF9-02A5104A0F08}.Debug|Any CPU.Build.0 = Debug|Any CPU
		{04778F18-2978-4714-ABF9-02A5104A0F08}.Release|Any CPU.ActiveCfg = Release|Any CPU
		{04778F18-2978-4714-ABF9-02A5104A0F08}.Release|Any CPU.Build.0 = Release|Any CPU
	EndGlobalSection
	GlobalSection(SolutionProperties) = preSolution
		HideSolutionNode = FALSE
	EndGlobalSection
	GlobalSection(NestedProjects) = preSolution
		{1E1B0C85-DB1F-485E-8B5A-CE03E9977029} = {02EA681E-C7D8-13C7-8484-4AC65E1B71E8}
		{EB61218A-CF80-4389-9C6A-D6AA5C205E95} = {02EA681E-C7D8-13C7-8484-4AC65E1B71E8}
		{B64CA4AA-AE04-4C84-AADE-704FDA69F06E} = {02EA681E-C7D8-13C7-8484-4AC65E1B71E8}
		{D80E6F3D-BF63-4F8D-B83A-6841CC5F3D2A} = {810704C0-195C-4AE8-9B71-7367090D17C8}
		{98A16972-5E73-4DEE-B247-35B8A77A60DF} = {810704C0-195C-4AE8-9B71-7367090D17C8}
		{64A53CE4-A747-4944-8CFD-56F0A7FFC9D6} = {02EA681E-C7D8-13C7-8484-4AC65E1B71E8}
		{2440D760-54E0-4647-9EFB-9DC0BE4DA86F} = {810704C0-195C-4AE8-9B71-7367090D17C8}
		{54AF3157-D8BD-4273-B9B4-8F87292419F0} = {985A8CD1-C091-4B79-A5FA-D483B5DC38CD}
		{29217CCF-B321-7281-B9E9-C96ACDA27754} = {985A8CD1-C091-4B79-A5FA-D483B5DC38CD}
		{FCF62331-5270-39CF-E2CB-496CB13F4090} = {985A8CD1-C091-4B79-A5FA-D483B5DC38CD}
		{1D7CBFA0-1550-4DDB-A38A-B8D5AC5D9EF2} = {810704C0-195C-4AE8-9B71-7367090D17C8}
		{810704C0-195C-4AE8-9B71-7367090D17C8} = {6113130F-7A2B-42D0-9938-801D87FDCBD0}
		{89481DE3-EB35-F200-1AFC-7097D97A86FF} = {6113130F-7A2B-42D0-9938-801D87FDCBD0}
		{74B8B982-E54C-49A9-9963-3CD5EEAC57D7} = {6113130F-7A2B-42D0-9938-801D87FDCBD0}
		{04778F18-2978-4714-ABF9-02A5104A0F08} = {810704C0-195C-4AE8-9B71-7367090D17C8}
	EndGlobalSection
	GlobalSection(ExtensibilityGlobals) = postSolution
		SolutionGuid = {C3003BB3-31B7-4AFA-80BD-E3FB6FBC2CAD}
	EndGlobalSection
EndGlobal
